
Microsoft Visual Studio Solution File, Format Version 12.00
# Visual Studio Version 16
VisualStudioVersion = 16.0.30804.86
MinimumVisualStudioVersion = 10.0.40219.1
Project("{FAE04EC0-301F-11D3-BF4B-00C04F79EFBC}") = "Learning.Governance.Server", "Server\Learning.Governance.Server.csproj", "{138D231F-CC03-4960-8140-7DC178D41901}"
EndProject
Project("{FAE04EC0-301F-11D3-BF4B-00C04F79EFBC}") = "Learning.Governance.Client", "Client\Learning.Governance.Client.csproj", "{D8CCA7BF-6367-4B91-83B0-E56707DA1E15}"
EndProject
Project("{FAE04EC0-301F-11D3-BF4B-00C04F79EFBC}") = "Learning.Governance.Shared", "Shared\Learning.Governance.Shared.csproj", "{8DD19867-45EB-4362-A305-442B7D604C36}"
EndProject
Global
	GlobalSection(SolutionConfigurationPlatforms) = preSolution
		Debug|Any CPU = Debug|Any CPU
		Release|Any CPU = Release|Any CPU
	EndGlobalSection
	GlobalSection(ProjectConfigurationPlatforms) = postSolution
		{138D231F-CC03-4960-8140-7DC178D41901}.Debug|Any CPU.ActiveCfg = Debug|Any CPU
		{138D231F-CC03-4960-8140-7DC178D41901}.Debug|Any CPU.Build.0 = Debug|Any CPU
		{138D231F-CC03-4960-8140-7DC178D41901}.Release|Any CPU.ActiveCfg = Release|Any CPU
		{138D231F-CC03-4960-8140-7DC178D41901}.Release|Any CPU.Build.0 = Release|Any CPU
		{D8CCA7BF-6367-4B91-83B0-E56707DA1E15}.Debug|Any CPU.ActiveCfg = Debug|Any CPU
		{D8CCA7BF-6367-4B91-83B0-E56707DA1E15}.Debug|Any CPU.Build.0 = Debug|Any CPU
		{D8CCA7BF-6367-4B91-83B0-E56707DA1E15}.Release|Any CPU.ActiveCfg = Release|Any CPU
		{D8CCA7BF-6367-4B91-83B0-E56707DA1E15}.Release|Any CPU.Build.0 = Release|Any CPU
		{8DD19867-45EB-4362-A305-442B7D604C36}.Debug|Any CPU.ActiveCfg = Debug|Any CPU
		{8DD19867-45EB-4362-A305-442B7D604C36}.Debug|Any CPU.Build.0 = Debug|Any CPU
		{8DD19867-45EB-4362-A305-442B7D604C36}.Release|Any CPU.ActiveCfg = Release|Any CPU
		{8DD19867-45EB-4362-A305-442B7D604C36}.Release|Any CPU.Build.0 = Release|Any CPU
	EndGlobalSection
	GlobalSection(SolutionProperties) = preSolution
		HideSolutionNode = FALSE
	EndGlobalSection
	GlobalSection(ExtensibilityGlobals) = postSolution
		SolutionGuid = {E9C523D8-66B2-45D4-AA0C-B79136AE6732}
	EndGlobalSection
EndGlobal
