
Microsoft Visual Studio Solution File, Format Version 12.00
# Visual Studio Version 16
VisualStudioVersion = 16.0.30717.126
MinimumVisualStudioVersion = 10.0.40219.1
Project("{FAE04EC0-301F-11D3-BF4B-00C04F79EFBC}") = "DaemonExample", "DaemonExample\DaemonExample.csproj", "{6EE224AC-E1D2-4A5D-A687-09ABFA46801F}"
EndProject
Project("{FAE04EC0-301F-11D3-BF4B-00C04F79EFBC}") = "BusinessObjectExamples", "BusinessObjectExamples\BusinessObjectExamples.csproj", "{DAA551E1-2EC9-4081-93A8-E7579E31D2F0}"
EndProject
Global
	GlobalSection(SolutionConfigurationPlatforms) = preSolution
		Debug|Any CPU = Debug|Any CPU
		Release|Any CPU = Release|Any CPU
	EndGlobalSection
	GlobalSection(ProjectConfigurationPlatforms) = postSolution
		{6EE224AC-E1D2-4A5D-A687-09ABFA46801F}.Debug|Any CPU.ActiveCfg = Debug|Any CPU
		{6EE224AC-E1D2-4A5D-A687-09ABFA46801F}.Debug|Any CPU.Build.0 = Debug|Any CPU
		{6EE224AC-E1D2-4A5D-A687-09ABFA46801F}.Release|Any CPU.ActiveCfg = Release|Any CPU
		{6EE224AC-E1D2-4A5D-A687-09ABFA46801F}.Release|Any CPU.Build.0 = Release|Any CPU
		{DAA551E1-2EC9-4081-93A8-E7579E31D2F0}.Debug|Any CPU.ActiveCfg = Debug|Any CPU
		{DAA551E1-2EC9-4081-93A8-E7579E31D2F0}.Debug|Any CPU.Build.0 = Debug|Any CPU
		{DAA551E1-2EC9-4081-93A8-E7579E31D2F0}.Release|Any CPU.ActiveCfg = Release|Any CPU
		{DAA551E1-2EC9-4081-93A8-E7579E31D2F0}.Release|Any CPU.Build.0 = Release|Any CPU
	EndGlobalSection
	GlobalSection(SolutionProperties) = preSolution
		HideSolutionNode = FALSE
	EndGlobalSection
	GlobalSection(ExtensibilityGlobals) = postSolution
		SolutionGuid = {F610298D-444A-41A5-9FCF-E472FB568B4A}
	EndGlobalSection
EndGlobal
